
Microsoft Visual Studio Solution File, Format Version 12.00
# Visual Studio 15
VisualStudioVersion = 15.0.26730.16
MinimumVisualStudioVersion = 10.0.40219.1
Project("{FAE04EC0-301F-11D3-BF4B-00C04F79EFBC}") = "CoreWebApi", "CoreWebApi\CoreWebApi.csproj", "{6278046D-D894-4D95-97F4-53E58C0DBA62}"
EndProject
Project("{2150E333-8FDC-42A3-9474-1A3956D46DE8}") = "Test", "Test", "{21EA446D-985D-4474-B01C-D1464AF4AD7B}"
EndProject
Project("{FAE04EC0-301F-11D3-BF4B-00C04F79EFBC}") = "CoreWebApiTests", "Test\CoreWebApiTests\CoreWebApiTests.csproj", "{2CD9664A-74FC-459B-A7D7-5912F0EF6557}"
EndProject
Global
	GlobalSection(SolutionConfigurationPlatforms) = preSolution
		Debug|Any CPU = Debug|Any CPU
		Release|Any CPU = Release|Any CPU
	EndGlobalSection
	GlobalSection(ProjectConfigurationPlatforms) = postSolution
		{6278046D-D894-4D95-97F4-53E58C0DBA62}.Debug|Any CPU.ActiveCfg = Debug|Any CPU
		{6278046D-D894-4D95-97F4-53E58C0DBA62}.Debug|Any CPU.Build.0 = Debug|Any CPU
		{6278046D-D894-4D95-97F4-53E58C0DBA62}.Release|Any CPU.ActiveCfg = Release|Any CPU
		{6278046D-D894-4D95-97F4-53E58C0DBA62}.Release|Any CPU.Build.0 = Release|Any CPU
		{2CD9664A-74FC-459B-A7D7-5912F0EF6557}.Debug|Any CPU.ActiveCfg = Debug|Any CPU
		{2CD9664A-74FC-459B-A7D7-5912F0EF6557}.Debug|Any CPU.Build.0 = Debug|Any CPU
		{2CD9664A-74FC-459B-A7D7-5912F0EF6557}.Release|Any CPU.ActiveCfg = Release|Any CPU
		{2CD9664A-74FC-459B-A7D7-5912F0EF6557}.Release|Any CPU.Build.0 = Release|Any CPU
	EndGlobalSection
	GlobalSection(SolutionProperties) = preSolution
		HideSolutionNode = FALSE
	EndGlobalSection
	GlobalSection(NestedProjects) = preSolution
		{2CD9664A-74FC-459B-A7D7-5912F0EF6557} = {21EA446D-985D-4474-B01C-D1464AF4AD7B}
	EndGlobalSection
	GlobalSection(ExtensibilityGlobals) = postSolution
		SolutionGuid = {87C47586-BEFE-469E-A4B6-8EE8376F3EE8}
	EndGlobalSection
EndGlobal
